
Microsoft Visual Studio Solution File, Format Version 12.00
# Visual Studio Version 17
VisualStudioVersion = 17.14.37516.0
MinimumVisualStudioVersion = 10.0.40219.1
Project("{FAE04EC0-301F-11D3-BF4B-00C04F79EFBC}") = "BlazorClientes", "BlazorClientes\BlazorClientes.csproj", "{94C84697-D2AA-4E28-985C-011E44009FE9}"
EndProject
Global
	GlobalSection(SolutionConfigurationPlatforms) = preSolution
		Debug|Any CPU = Debug|Any CPU
		Release|Any CPU = Release|Any CPU
	EndGlobalSection
	GlobalSection(ProjectConfigurationPlatforms) = postSolution
		{94C84697-D2AA-4E28-985C-011E44009FE9}.Debug|Any CPU.ActiveCfg = Debug|Any CPU
		{94C84697-D2AA-4E28-985C-011E44009FE9}.Debug|Any CPU.Build.0 = Debug|Any CPU
		{94C84697-D2AA-4E28-985C-011E44009FE9}.Release|Any CPU.ActiveCfg = Release|Any CPU
		{94C84697-D2AA-4E28-985C-011E44009FE9}.Release|Any CPU.Build.0 = Release|Any CPU
	EndGlobalSection
	GlobalSection(SolutionProperties) = preSolution
		HideSolutionNode = FALSE
	EndGlobalSection
	GlobalSection(ExtensibilityGlobals) = postSolution
		SolutionGuid = {4D584E81-A0E4-4FD5-995F-F73D5E9DCF6E}
	EndGlobalSection
EndGlobal
